{
  "nodes": {
    "flake-utils": {
      "locked": {
        "lastModified": 1656928814,
        "narHash": "sha256-RIFfgBuKz6Hp89yRr7+NR5tzIAbn52h8vT6vXkYjZoM=",
        "owner": "numtide",
        "repo": "flake-utils",
        "rev": "7e2a3b3dfd9af950a856d66b0a7d01e3c18aa249",
        "type": "github"
      },
      "original": {
        "owner": "numtide",
        "repo": "flake-utils",
        "type": "github"
      }
    },
    "flake-utils_2": {
      "locked": {
        "lastModified": 1667395993,
        "narHash": "sha256-nuEHfE/LcWyuSWnS8t12N1wc105Qtau+/OdUAjtQ0rA=",
        "owner": "numtide",
        "repo": "flake-utils",
        "rev": "5aed5285a952e0b949eb3ba02c12fa4fcfef535f",
        "type": "github"
      },
      "original": {
        "owner": "numtide",
        "repo": "flake-utils",
        "type": "github"
      }
    },
    "nix-rebar3": {
      "inputs": {
        "flake-utils": "flake-utils_2",
        "nixpkgs": [
          "nixpkgs"
        ]
      },
      "locked": {
        "lastModified": 1668516809,
        "narHash": "sha256-amqFlz04lw88XRtbRTQe5XSDHHUV0Wf1zDtIQ6XNhM8=",
        "owner": "axelf4",
        "repo": "nix-rebar3",
        "rev": "a9eeef712bcaf1f01cf47cdef24260d7137d79d2",
        "type": "github"
      },
      "original": {
        "owner": "axelf4",
        "repo": "nix-rebar3",
        "type": "github"
      }
    },
    "nixpkgs": {
      "locked": {
        "lastModified": 1658985539,
        "narHash": "sha256-aRVZGndeuUct3S3T6vqOO64D9qY1F7qNTljd0zuwzak=",
        "owner": "NixOS",
        "repo": "nixpkgs",
        "rev": "174e938d593817f2eb5ae363684dea7c412eb96a",
        "type": "github"
      },
      "original": {
        "id": "nixpkgs",
        "ref": "nixos-22.05",
        "type": "indirect"
      }
    },
    "root": {
      "inputs": {
        "flake-utils": "flake-utils",
        "nix-rebar3": "nix-rebar3",
        "nixpkgs": "nixpkgs"
      }
    }
  },
  "root": "root",
  "version": 7
}
