{
  "nodes": {
    "flake-utils": {
      "locked": {
        "lastModified": 1667395993,
        "narHash": "sha256-nuEHfE/LcWyuSWnS8t12N1wc105Qtau+/OdUAjtQ0rA=",
        "owner": "numtide",
        "repo": "flake-utils",
        "rev": "5aed5285a952e0b949eb3ba02c12fa4fcfef535f",
        "type": "github"
      },
      "original": {
        "owner": "numtide",
        "repo": "flake-utils",
        "type": "github"
      }
    },
    "nix-rebar3": {
      "inputs": {
        "flake-utils": "flake-utils",
        "nixpkgs": [
          "nixpkgs"
        ]
      },
      "locked": {
        "lastModified": 1673169539,
        "narHash": "sha256-u83KCFZ92JG0MioUCw7By5E6yQRipR/C8JsoMfuA1h0=",
        "owner": "axelf4",
        "repo": "nix-rebar3",
        "rev": "53342af69f1d20b767b9bcbc10a535bd7a64d13a",
        "type": "github"
      },
      "original": {
        "owner": "axelf4",
        "repo": "nix-rebar3",
        "type": "github"
      }
    },
    "nixpkgs": {
      "locked": {
        "lastModified": 1672968032,
        "narHash": "sha256-26Jns3GmHem44a06UN5Rj/KOD9qNJThyQrom02Ijur8=",
        "owner": "NixOS",
        "repo": "nixpkgs",
        "rev": "2dea8991d89b9f1e78d874945f78ca15f6954289",
        "type": "github"
      },
      "original": {
        "id": "nixpkgs",
        "ref": "nixos-22.11",
        "type": "indirect"
      }
    },
    "root": {
      "inputs": {
        "nix-rebar3": "nix-rebar3",
        "nixpkgs": "nixpkgs"
      }
    }
  },
  "root": "root",
  "version": 7
}
